# This file is automatically @generated by Cargo.
# It is not intended for manual editing.
version = 3

[[package]]
name = "cargo_ice_repo_2"
version = "0.1.0"
dependencies = [
 "submod",
]

[[package]]
name = "submod"
version = "0.1.0"
source = "git+https://github.com/jmpesp/cargo_ice_repo_1?rev=fedec7#fedec798b5a148442e79bfa4924fa4cc523d2242"
